// !$*UTF8*$!
{
	archiveVersion = 1;
	classes = {
	};
	objectVersion = 77;
	objects = {

/* Begin PBXContainerItemProxy section */
		F7641F712DDC04A900EE38A8 /* PBXContainerItemProxy */ = {
			isa = PBXContainerItemProxy;
			containerPortal = F7641F5B2DDC04A800EE38A8 /* Project object */;
			proxyType = 1;
			remoteGlobalIDString = F7641F622DDC04A800EE38A8;
			remoteInfo = Quirky;
		};
		F7641F7B2DDC04A900EE38A8 /* PBXContainerItemProxy */ = {
			isa = PBXContainerItemProxy;
			containerPortal = F7641F5B2DDC04A800EE38A8 /* Project object */;
			proxyType = 1;
			remoteGlobalIDString = F7641F622DDC04A800EE38A8;
			remoteInfo = Quirky;
		};
/* End PBXContainerItemProxy section */

/* Begin PBXFileReference section */
		F7641F632DDC04A800EE38A8 /* Quirky.app */ = {isa = PBXFileReference; explicitFileType = wrapper.application; includeInIndex = 0; path = Quirky.app; sourceTree = BUILT_PRODUCTS_DIR; };
		F7641F702DDC04A900EE38A8 /* QuirkyTests.xctest */ = {isa = PBXFileReference; explicitFileType = wrapper.cfbundle; includeInIndex = 0; path = QuirkyTests.xctest; sourceTree = BUILT_PRODUCTS_DIR; };
		F7641F7A2DDC04A900EE38A8 /* QuirkyUITests.xctest */ = {isa = PBXFileReference; explicitFileType = wrapper.cfbundle; includeInIndex = 0; path = QuirkyUITests.xctest; sourceTree = BUILT_PRODUCTS_DIR; };
/* End PBXFileReference section */

/* Begin PBXFileSystemSynchronizedRootGroup section */
		F7641F652DDC04A800EE38A8 /* Quirky */ = {
			isa = PBXFileSystemSynchronizedRootGroup;
			path = Quirky;
			sourceTree = "<group>";
		};
		F7641F732DDC04A900EE38A8 /* QuirkyTests */ = {
			isa = PBXFileSystemSynchronizedRootGroup;
			path = QuirkyTests;
			sourceTree = "<group>";
		};
		F7641F7D2DDC04A900EE38A8 /* QuirkyUITests */ = {
			isa = PBXFileSystemSynchronizedRootGroup;
			path = QuirkyUITests;
			sourceTree = "<group>";
		};
/* End PBXFileSystemSynchronizedRootGroup section */

/* Begin PBXFrameworksBuildPhase section */
		F7641F602DDC04A800EE38A8 /* Frameworks */ = {
			isa = PBXFrameworksBuildPhase;
			buildActionMask = 2147483647;
			files = (
			);
			runOnlyForDeploymentPostprocessing = 0;
		};
		F7641F6D2DDC04A900EE38A8 /* Frameworks */ = {
			isa = PBXFrameworksBuildPhase;
			buildActionMask = 2147483647;
			files = (
			);
			runOnlyForDeploymentPostprocessing = 0;
		};
		F7641F772DDC04A900EE38A8 /* Frameworks */ = {
			isa = PBXFrameworksBuildPhase;
			buildActionMask = 2147483647;
			files = (
			);
			runOnlyForDeploymentPostprocessing = 0;
		};
/* End PBXFrameworksBuildPhase section */

/* Begin PBXGroup section */
		F7641F5A2DDC04A800EE38A8 = {
			isa = PBXGroup;
			children = (
				F7641F652DDC04A800EE38A8 /* Quirky */,
				F7641F732DDC04A900EE38A8 /* QuirkyTests */,
				F7641F7D2DDC04A900EE38A8 /* QuirkyUITests */,
				F7641F642DDC04A800EE38A8 /* Products */,
			);
			sourceTree = "<group>";
		};
		F7641F642DDC04A800EE38A8 /* Products */ = {
			isa = PBXGroup;
			children = (
				F7641F632DDC04A800EE38A8 /* Quirky.app */,
				F7641F702DDC04A900EE38A8 /* QuirkyTests.xctest */,
				F7641F7A2DDC04A900EE38A8 /* QuirkyUITests.xctest */,
			);
			name = Products;
			sourceTree = "<group>";
		};
/* End PBXGroup section */

/* Begin PBXNativeTarget section */
		F7641F622DDC04A800EE38A8 /* Quirky */ = {
			isa = PBXNativeTarget;
			buildConfigurationList = F7641F842DDC04A900EE38A8 /* Build configuration list for PBXNativeTarget "Quirky" */;
			buildPhases = (
				F7641F5F2DDC04A800EE38A8 /* Sources */,
				F7641F602DDC04A800EE38A8 /* Frameworks */,
				F7641F612DDC04A800EE38A8 /* Resources */,
			);
			buildRules = (
			);
			dependencies = (
			);
			fileSystemSynchronizedGroups = (
				F7641F652DDC04A800EE38A8 /* Quirky */,
			);
			name = Quirky;
			packageProductDependencies = (
			);
			productName = Quirky;
			productReference = F7641F632DDC04A800EE38A8 /* Quirky.app */;
			productType = "com.apple.product-type.application";
		};
		F7641F6F2DDC04A900EE38A8 /* QuirkyTests */ = {
			isa = PBXNativeTarget;
			buildConfigurationList = F7641F872DDC04A900EE38A8 /* Build configuration list for PBXNativeTarget "QuirkyTests" */;
			buildPhases = (
				F7641F6C2DDC04A900EE38A8 /* Sources */,
				F7641F6D2DDC04A900EE38A8 /* Frameworks */,
				F7641F6E2DDC04A900EE38A8 /* Resources */,
			);
			buildRules = (
			);
			dependencies = (
				F7641F722DDC04A900EE38A8 /* PBXTargetDependency */,
			);
			fileSystemSynchronizedGroups = (
				F7641F732DDC04A900EE38A8 /* QuirkyTests */,
			);
			name = QuirkyTests;
			packageProductDependencies = (
			);
			productName = QuirkyTests;
			productReference = F7641F702DDC04A900EE38A8 /* QuirkyTests.xctest */;
			productType = "com.apple.product-type.bundle.unit-test";
		};
		F7641F792DDC04A900EE38A8 /* QuirkyUITests */ = {
			isa = PBXNativeTarget;
			buildConfigurationList = F7641F8A2DDC04A900EE38A8 /* Build configuration list for PBXNativeTarget "QuirkyUITests" */;
			buildPhases = (
				F7641F762DDC04A900EE38A8 /* Sources */,
				F7641F772DDC04A900EE38A8 /* Frameworks */,
				F7641F782DDC04A900EE38A8 /* Resources */,
			);
			buildRules = (
			);
			dependencies = (
				F7641F7C2DDC04A900EE38A8 /* PBXTargetDependency */,
			);
			fileSystemSynchronizedGroups = (
				F7641F7D2DDC04A900EE38A8 /* QuirkyUITests */,
			);
			name = QuirkyUITests;
			packageProductDependencies = (
			);
			productName = QuirkyUITests;
			productReference = F7641F7A2DDC04A900EE38A8 /* QuirkyUITests.xctest */;
			productType = "com.apple.product-type.bundle.ui-testing";
		};
/* End PBXNativeTarget section */

/* Begin PBXProject section */
		F7641F5B2DDC04A800EE38A8 /* Project object */ = {
			isa = PBXProject;
			attributes = {
				BuildIndependentTargetsInParallel = 1;
				LastSwiftUpdateCheck = 1630;
				LastUpgradeCheck = 1630;
				TargetAttributes = {
					F7641F622DDC04A800EE38A8 = {
						CreatedOnToolsVersion = 16.3;
					};
					F7641F6F2DDC04A900EE38A8 = {
						CreatedOnToolsVersion = 16.3;
						TestTargetID = F7641F622DDC04A800EE38A8;
					};
					F7641F792DDC04A900EE38A8 = {
						CreatedOnToolsVersion = 16.3;
						TestTargetID = F7641F622DDC04A800EE38A8;
					};
				};
			};
			buildConfigurationList = F7641F5E2DDC04A800EE38A8 /* Build configuration list for PBXProject "Quirky" */;
			developmentRegion = en;
			hasScannedForEncodings = 0;
			knownRegions = (
				en,
				Base,
			);
			mainGroup = F7641F5A2DDC04A800EE38A8;
			minimizedProjectReferenceProxies = 1;
			preferredProjectObjectVersion = 77;
			productRefGroup = F7641F642DDC04A800EE38A8 /* Products */;
			projectDirPath = "";
			projectRoot = "";
			targets = (
				F7641F622DDC04A800EE38A8 /* Quirky */,
				F7641F6F2DDC04A900EE38A8 /* QuirkyTests */,
				F7641F792DDC04A900EE38A8 /* QuirkyUITests */,
			);
		};
/* End PBXProject section */

/* Begin PBXResourcesBuildPhase section */
		F7641F612DDC04A800EE38A8 /* Resources */ = {
			isa = PBXResourcesBuildPhase;
			buildActionMask = 2147483647;
			files = (
			);
			runOnlyForDeploymentPostprocessing = 0;
		};
		F7641F6E2DDC04A900EE38A8 /* Resources */ = {
			isa = PBXResourcesBuildPhase;
			buildActionMask = 2147483647;
			files = (
			);
			runOnlyForDeploymentPostprocessing = 0;
		};
		F7641F782DDC04A900EE38A8 /* Resources */ = {
			isa = PBXResourcesBuildPhase;
			buildActionMask = 2147483647;
			files = (
			);
			runOnlyForDeploymentPostprocessing = 0;
		};
/* End PBXResourcesBuildPhase section */

/* Begin PBXSourcesBuildPhase section */
		F7641F5F2DDC04A800EE38A8 /* Sources */ = {
			isa = PBXSourcesBuildPhase;
			buildActionMask = 2147483647;
			files = (
			);
			runOnlyForDeploymentPostprocessing = 0;
		};
		F7641F6C2DDC04A900EE38A8 /* Sources */ = {
			isa = PBXSourcesBuildPhase;
			buildActionMask = 2147483647;
			files = (
			);
			runOnlyForDeploymentPostprocessing = 0;
		};
		F7641F762DDC04A900EE38A8 /* Sources */ = {
			isa = PBXSourcesBuildPhase;
			buildActionMask = 2147483647;
			files = (
			);
			runOnlyForDeploymentPostprocessing = 0;
		};
/* End PBXSourcesBuildPhase section */

/* Begin PBXTargetDependency section */
		F7641F722DDC04A900EE38A8 /* PBXTargetDependency */ = {
			isa = PBXTargetDependency;
			target = F7641F622DDC04A800EE38A8 /* Quirky */;
			targetProxy = F7641F712DDC04A900EE38A8 /* PBXContainerItemProxy */;
		};
		F7641F7C2DDC04A900EE38A8 /* PBXTargetDependency */ = {
			isa = PBXTargetDependency;
			target = F7641F622DDC04A800EE38A8 /* Quirky */;
			targetProxy = F7641F7B2DDC04A900EE38A8 /* PBXContainerItemProxy */;
		};
/* End PBXTargetDependency section */

/* Begin XCBuildConfiguration section */
		F7641F822DDC04A900EE38A8 /* Debug */ = {
			isa = XCBuildConfiguration;
			buildSettings = {
				ALWAYS_SEARCH_USER_PATHS = NO;
				ASSETCATALOG_COMPILER_GENERATE_SWIFT_ASSET_SYMBOL_EXTENSIONS = YES;
				CLANG_ANALYZER_NONNULL = YES;
				CLANG_ANALYZER_NUMBER_OBJECT_CONVERSION = YES_AGGRESSIVE;
				CLANG_CXX_LANGUAGE_STANDARD = "gnu++20";
				CLANG_ENABLE_MODULES = YES;
				CLANG_ENABLE_OBJC_ARC = YES;
				CLANG_ENABLE_OBJC_WEAK = YES;
				CLANG_WARN_BLOCK_CAPTURE_AUTORELEASING = YES;
				CLANG_WARN_BOOL_CONVERSION = YES;
				CLANG_WARN_COMMA = YES;
				CLANG_WARN_CONSTANT_CONVERSION = YES;
				CLANG_WARN_DEPRECATED_OBJC_IMPLEMENTATIONS = YES;
				CLANG_WARN_DIRECT_OBJC_ISA_USAGE = YES_ERROR;
				CLANG_WARN_DOCUMENTATION_COMMENTS = YES;
				CLANG_WARN_EMPTY_BODY = YES;
				CLANG_WARN_ENUM_CONVERSION = YES;
				CLANG_WARN_INFINITE_RECURSION = YES;
				CLANG_WARN_INT_CONVERSION = YES;
				CLANG_WARN_NON_LITERAL_NULL_CONVERSION = YES;
				CLANG_WARN_OBJC_IMPLICIT_RETAIN_SELF = YES;
				CLANG_WARN_OBJC_LITERAL_CONVERSION = YES;
				CLANG_WARN_OBJC_ROOT_CLASS = YES_ERROR;
				CLANG_WARN_QUOTED_INCLUDE_IN_FRAMEWORK_HEADER = YES;
				CLANG_WARN_RANGE_LOOP_ANALYSIS = YES;
				CLANG_WARN_STRICT_PROTOTYPES = YES;
				CLANG_WARN_SUSPICIOUS_MOVE = YES;
				CLANG_WARN_UNGUARDED_AVAILABILITY = YES_AGGRESSIVE;
				CLANG_WARN_UNREACHABLE_CODE = YES;
				CLANG_WARN__DUPLICATE_METHOD_MATCH = YES;
				COPY_PHASE_STRIP = NO;
				DEBUG_INFORMATION_FORMAT = dwarf;
				ENABLE_STRICT_OBJC_MSGSEND = YES;
				ENABLE_TESTABILITY = YES;
				ENABLE_USER_SCRIPT_SANDBOXING = YES;
				GCC_C_LANGUAGE_STANDARD = gnu17;
				GCC_DYNAMIC_NO_PIC = NO;
				GCC_NO_COMMON_BLOCKS = YES;
				GCC_OPTIMIZATION_LEVEL = 0;
				GCC_PREPROCESSOR_DEFINITIONS = (
					"DEBUG=1",
					"$(inherited)",
				);
				GCC_WARN_64_TO_32_BIT_CONVERSION = YES;
				GCC_WARN_ABOUT_RETURN_TYPE = YES_ERROR;
				GCC_WARN_UNDECLARED_SELECTOR = YES;
				GCC_WARN_UNINITIALIZED_AUTOS = YES_AGGRESSIVE;
				GCC_WARN_UNUSED_FUNCTION = YES;
				GCC_WARN_UNUSED_VARIABLE = YES;
				IPHONEOS_DEPLOYMENT_TARGET = 18.4;
				LOCALIZATION_PREFERS_STRING_CATALOGS = YES;
				MTL_ENABLE_DEBUG_INFO = INCLUDE_SOURCE;
				MTL_FAST_MATH = YES;
				ONLY_ACTIVE_ARCH = YES;
				SDKROOT = iphoneos;
				SWIFT_ACTIVE_COMPILATION_CONDITIONS = "DEBUG $(inherited)";
				SWIFT_OPTIMIZATION_LEVEL = "-Onone";
			};
			name = Debug;
		};
		F7641F832DDC04A900EE38A8 /* Release */ = {
			isa = XCBuildConfiguration;
			buildSettings = {
				ALWAYS_SEARCH_USER_PATHS = NO;
				ASSETCATALOG_COMPILER_GENERATE_SWIFT_ASSET_SYMBOL_EXTENSIONS = YES;
				CLANG_ANALYZER_NONNULL = YES;
				CLANG_ANALYZER_NUMBER_OBJECT_CONVERSION = YES_AGGRESSIVE;
				CLANG_CXX_LANGUAGE_STANDARD = "gnu++20";
				CLANG_ENABLE_MODULES = YES;
				CLANG_ENABLE_OBJC_ARC = YES;
				CLANG_ENABLE_OBJC_WEAK = YES;
				CLANG_WARN_BLOCK_CAPTURE_AUTORELEASING = YES;
				CLANG_WARN_BOOL_CONVERSION = YES;
				CLANG_WARN_COMMA = YES;
				CLANG_WARN_CONSTANT_CONVERSION = YES;
				CLANG_WARN_DEPRECATED_OBJC_IMPLEMENTATIONS = YES;
				CLANG_WARN_DIRECT_OBJC_ISA_USAGE = YES_ERROR;
				CLANG_WARN_DOCUMENTATION_COMMENTS = YES;
				CLANG_WARN_EMPTY_BODY = YES;
				CLANG_WARN_ENUM_CONVERSION = YES;
				CLANG_WARN_INFINITE_RECURSION = YES;
				CLANG_WARN_INT_CONVERSION = YES;
				CLANG_WARN_NON_LITERAL_NULL_CONVERSION = YES;
				CLANG_WARN_OBJC_IMPLICIT_RETAIN_SELF = YES;
				CLANG_WARN_OBJC_LITERAL_CONVERSION = YES;
				CLANG_WARN_OBJC_ROOT_CLASS = YES_ERROR;
				CLANG_WARN_QUOTED_INCLUDE_IN_FRAMEWORK_HEADER = YES;
				CLANG_WARN_RANGE_LOOP_ANALYSIS = YES;
				CLANG_WARN_STRICT_PROTOTYPES = YES;
				CLANG_WARN_SUSPICIOUS_MOVE = YES;
				CLANG_WARN_UNGUARDED_AVAILABILITY = YES_AGGRESSIVE;
				CLANG_WARN_UNREACHABLE_CODE = YES;
				CLANG_WARN__DUPLICATE_METHOD_MATCH = YES;
				COPY_PHASE_STRIP = NO;
				DEBUG_INFORMATION_FORMAT = "dwarf-with-dsym";
				ENABLE_NS_ASSERTIONS = NO;
				ENABLE_STRICT_OBJC_MSGSEND = YES;
				ENABLE_USER_SCRIPT_SANDBOXING = YES;
				GCC_C_LANGUAGE_STANDARD = gnu17;
				GCC_NO_COMMON_BLOCKS = YES;
				GCC_WARN_64_TO_32_BIT_CONVERSION = YES;
				GCC_WARN_ABOUT_RETURN_TYPE = YES_ERROR;
				GCC_WARN_UNDECLARED_SELECTOR = YES;
				GCC_WARN_UNINITIALIZED_AUTOS = YES_AGGRESSIVE;
				GCC_WARN_UNUSED_FUNCTION = YES;
				GCC_WARN_UNUSED_VARIABLE = YES;
				IPHONEOS_DEPLOYMENT_TARGET = 18.4;
				LOCALIZATION_PREFERS_STRING_CATALOGS = YES;
				MTL_ENABLE_DEBUG_INFO = NO;
				MTL_FAST_MATH = YES;
				SDKROOT = iphoneos;
				SWIFT_COMPILATION_MODE = wholemodule;
				VALIDATE_PRODUCT = YES;
			};
			name = Release;
		};
		F7641F852DDC04A900EE38A8 /* Debug */ = {
			isa = XCBuildConfiguration;
			buildSettings = {
				ASSETCATALOG_COMPILER_APPICON_NAME = AppIcon;
				ASSETCATALOG_COMPILER_GLOBAL_ACCENT_COLOR_NAME = AccentColor;
				CODE_SIGN_STYLE = Automatic;
				CURRENT_PROJECT_VERSION = 1;
				ENABLE_PREVIEWS = YES;
				GENERATE_INFOPLIST_FILE = YES;
				INFOPLIST_KEY_UIApplicationSceneManifest_Generation = YES;
				INFOPLIST_KEY_UIApplicationSupportsIndirectInputEvents = YES;
				INFOPLIST_KEY_UILaunchScreen_Generation = YES;
				INFOPLIST_KEY_UISupportedInterfaceOrientations_iPad = "UIInterfaceOrientationPortrait UIInterfaceOrientationPortraitUpsideDown UIInterfaceOrientationLandscapeLeft UIInterfaceOrientationLandscapeRight";
				INFOPLIST_KEY_UISupportedInterfaceOrientations_iPhone = "UIInterfaceOrientationPortrait UIInterfaceOrientationLandscapeLeft UIInterfaceOrientationLandscapeRight";
				LD_RUNPATH_SEARCH_PATHS = (
					"$(inherited)",
					"@executable_path/Frameworks",
				);
				MARKETING_VERSION = 1.0;
				PRODUCT_BUNDLE_IDENTIFIER = com.shahidshabbir.Quirky;
				PRODUCT_NAME = "$(TARGET_NAME)";
				SWIFT_EMIT_LOC_STRINGS = YES;
				SWIFT_VERSION = 5.0;
				TARGETED_DEVICE_FAMILY = "1,2";
			};
			name = Debug;
		};
		F7641F862DDC04A900EE38A8 /* Release */ = {
			isa = XCBuildConfiguration;
			buildSettings = {
				ASSETCATALOG_COMPILER_APPICON_NAME = AppIcon;
				ASSETCATALOG_COMPILER_GLOBAL_ACCENT_COLOR_NAME = AccentColor;
				CODE_SIGN_STYLE = Automatic;
				CURRENT_PROJECT_VERSION = 1;
				ENABLE_PREVIEWS = YES;
				GENERATE_INFOPLIST_FILE = YES;
				INFOPLIST_KEY_UIApplicationSceneManifest_Generation = YES;
				INFOPLIST_KEY_UIApplicationSupportsIndirectInputEvents = YES;
				INFOPLIST_KEY_UILaunchScreen_Generation = YES;
				INFOPLIST_KEY_UISupportedInterfaceOrientations_iPad = "UIInterfaceOrientationPortrait UIInterfaceOrientationPortraitUpsideDown UIInterfaceOrientationLandscapeLeft UIInterfaceOrientationLandscapeRight";
				INFOPLIST_KEY_UISupportedInterfaceOrientations_iPhone = "UIInterfaceOrientationPortrait UIInterfaceOrientationLandscapeLeft UIInterfaceOrientationLandscapeRight";
				LD_RUNPATH_SEARCH_PATHS = (
					"$(inherited)",
					"@executable_path/Frameworks",
				);
				MARKETING_VERSION = 1.0;
				PRODUCT_BUNDLE_IDENTIFIER = com.shahidshabbir.Quirky;
				PRODUCT_NAME = "$(TARGET_NAME)";
				SWIFT_EMIT_LOC_STRINGS = YES;
				SWIFT_VERSION = 5.0;
				TARGETED_DEVICE_FAMILY = "1,2";
			};
			name = Release;
		};
		F7641F882DDC04A900EE38A8 /* Debug */ = {
			isa = XCBuildConfiguration;
			buildSettings = {
				BUNDLE_LOADER = "$(TEST_HOST)";
				CODE_SIGN_STYLE = Automatic;
				CURRENT_PROJECT_VERSION = 1;
				GENERATE_INFOPLIST_FILE = YES;
				IPHONEOS_DEPLOYMENT_TARGET = 18.4;
				MARKETING_VERSION = 1.0;
				PRODUCT_BUNDLE_IDENTIFIER = com.shahidshabbir.QuirkyTests;
				PRODUCT_NAME = "$(TARGET_NAME)";
				SWIFT_EMIT_LOC_STRINGS = NO;
				SWIFT_VERSION = 5.0;
				TARGETED_DEVICE_FAMILY = "1,2";
				TEST_HOST = "$(BUILT_PRODUCTS_DIR)/Quirky.app/$(BUNDLE_EXECUTABLE_FOLDER_PATH)/Quirky";
			};
			name = Debug;
		};
		F7641F892DDC04A900EE38A8 /* Release */ = {
			isa = XCBuildConfiguration;
			buildSettings = {
				BUNDLE_LOADER = "$(TEST_HOST)";
				CODE_SIGN_STYLE = Automatic;
				CURRENT_PROJECT_VERSION = 1;
				GENERATE_INFOPLIST_FILE = YES;
				IPHONEOS_DEPLOYMENT_TARGET = 18.4;
				MARKETING_VERSION = 1.0;
				PRODUCT_BUNDLE_IDENTIFIER = com.shahidshabbir.QuirkyTests;
				PRODUCT_NAME = "$(TARGET_NAME)";
				SWIFT_EMIT_LOC_STRINGS = NO;
				SWIFT_VERSION = 5.0;
				TARGETED_DEVICE_FAMILY = "1,2";
				TEST_HOST = "$(BUILT_PRODUCTS_DIR)/Quirky.app/$(BUNDLE_EXECUTABLE_FOLDER_PATH)/Quirky";
			};
			name = Release;
		};
		F7641F8B2DDC04A900EE38A8 /* Debug */ = {
			isa = XCBuildConfiguration;
			buildSettings = {
				CODE_SIGN_STYLE = Automatic;
				CURRENT_PROJECT_VERSION = 1;
				GENERATE_INFOPLIST_FILE = YES;
				MARKETING_VERSION = 1.0;
				PRODUCT_BUNDLE_IDENTIFIER = com.shahidshabbir.QuirkyUITests;
				PRODUCT_NAME = "$(TARGET_NAME)";
				SWIFT_EMIT_LOC_STRINGS = NO;
				SWIFT_VERSION = 5.0;
				TARGETED_DEVICE_FAMILY = "1,2";
				TEST_TARGET_NAME = Quirky;
			};
			name = Debug;
		};
		F7641F8C2DDC04A900EE38A8 /* Release */ = {
			isa = XCBuildConfiguration;
			buildSettings = {
				CODE_SIGN_STYLE = Automatic;
				CURRENT_PROJECT_VERSION = 1;
				GENERATE_INFOPLIST_FILE = YES;
				MARKETING_VERSION = 1.0;
				PRODUCT_BUNDLE_IDENTIFIER = com.shahidshabbir.QuirkyUITests;
				PRODUCT_NAME = "$(TARGET_NAME)";
				SWIFT_EMIT_LOC_STRINGS = NO;
				SWIFT_VERSION = 5.0;
				TARGETED_DEVICE_FAMILY = "1,2";
				TEST_TARGET_NAME = Quirky;
			};
			name = Release;
		};
/* End XCBuildConfiguration section */

/* Begin XCConfigurationList section */
		F7641F5E2DDC04A800EE38A8 /* Build configuration list for PBXProject "Quirky" */ = {
			isa = XCConfigurationList;
			buildConfigurations = (
				F7641F822DDC04A900EE38A8 /* Debug */,
				F7641F832DDC04A900EE38A8 /* Release */,
			);
			defaultConfigurationIsVisible = 0;
			defaultConfigurationName = Release;
		};
		F7641F842DDC04A900EE38A8 /* Build configuration list for PBXNativeTarget "Quirky" */ = {
			isa = XCConfigurationList;
			buildConfigurations = (
				F7641F852DDC04A900EE38A8 /* Debug */,
				F7641F862DDC04A900EE38A8 /* Release */,
			);
			defaultConfigurationIsVisible = 0;
			defaultConfigurationName = Release;
		};
		F7641F872DDC04A900EE38A8 /* Build configuration list for PBXNativeTarget "QuirkyTests" */ = {
			isa = XCConfigurationList;
			buildConfigurations = (
				F7641F882DDC04A900EE38A8 /* Debug */,
				F7641F892DDC04A900EE38A8 /* Release */,
			);
			defaultConfigurationIsVisible = 0;
			defaultConfigurationName = Release;
		};
		F7641F8A2DDC04A900EE38A8 /* Build configuration list for PBXNativeTarget "QuirkyUITests" */ = {
			isa = XCConfigurationList;
			buildConfigurations = (
				F7641F8B2DDC04A900EE38A8 /* Debug */,
				F7641F8C2DDC04A900EE38A8 /* Release */,
			);
			defaultConfigurationIsVisible = 0;
			defaultConfigurationName = Release;
		};
/* End XCConfigurationList section */
	};
	rootObject = F7641F5B2DDC04A800EE38A8 /* Project object */;
}
